// !$*UTF8*$!
{
	archiveVersion = 1;
	classes = {
	};
	objectVersion = 50;
	objects = {

/* Begin PBXBuildFile section */
		29C7172421BC587B00FA724C /* Web.swift in Sources */ = {isa = PBXBuildFile; fileRef = 29C7172321BC587B00FA724C /* Web.swift */; };
		29C7175021BD263B00FA724C /* BaseMenuViewController.swift in Sources */ = {isa = PBXBuildFile; fileRef = 29C7174F21BD263B00FA724C /* BaseMenuViewController.swift */; };
		29C7175221BD2E0800FA724C /* Table5CollectionViewCell.swift in Sources */ = {isa = PBXBuildFile; fileRef = 29C7175121BD2E0800FA724C /* Table5CollectionViewCell.swift */; };
		29C7175721BD34B300FA724C /* Table5OptionViewController.swift in Sources */ = {isa = PBXBuildFile; fileRef = 29C7175621BD34B300FA724C /* Table5OptionViewController.swift */; };
		29F1AD0A21BC296A00D5F02D /* AppDelegate.swift in Sources */ = {isa = PBXBuildFile; fileRef = 29F1AD0921BC296A00D5F02D /* AppDelegate.swift */; };
		29F1AD0F21BC296A00D5F02D /* Main.storyboard in Resources */ = {isa = PBXBuildFile; fileRef = 29F1AD0D21BC296A00D5F02D /* Main.storyboard */; };
		29F1AD1221BC296A00D5F02D /* AllAboutLiver.xcdatamodeld in Sources */ = {isa = PBXBuildFile; fileRef = 29F1AD1021BC296A00D5F02D /* AllAboutLiver.xcdatamodeld */; };
		29F1AD1421BC296C00D5F02D /* Assets.xcassets in Resources */ = {isa = PBXBuildFile; fileRef = 29F1AD1321BC296C00D5F02D /* Assets.xcassets */; };
		29F1AD1721BC296C00D5F02D /* LaunchScreen.storyboard in Resources */ = {isa = PBXBuildFile; fileRef = 29F1AD1521BC296C00D5F02D /* LaunchScreen.storyboard */; };
		29F1AD1F21BC2E9E00D5F02D /* MenuViewController.swift in Sources */ = {isa = PBXBuildFile; fileRef = 29F1AD1E21BC2E9E00D5F02D /* MenuViewController.swift */; };
		29F1AD2121BC2EAF00D5F02D /* MenuTableViewCell.swift in Sources */ = {isa = PBXBuildFile; fileRef = 29F1AD2021BC2EAF00D5F02D /* MenuTableViewCell.swift */; };
		29F1AD2321BC2ED200D5F02D /* HomeViewController.swift in Sources */ = {isa = PBXBuildFile; fileRef = 29F1AD2221BC2ED200D5F02D /* HomeViewController.swift */; };
		29F1AD2521BC452B00D5F02D /* Table5ViewController.swift in Sources */ = {isa = PBXBuildFile; fileRef = 29F1AD2421BC452B00D5F02D /* Table5ViewController.swift */; };
		29F1AD2721BC477000D5F02D /* MenuSections.swift in Sources */ = {isa = PBXBuildFile; fileRef = 29F1AD2621BC477000D5F02D /* MenuSections.swift */; };
		29F1AD2921BC487E00D5F02D /* CollectionViewCell.swift in Sources */ = {isa = PBXBuildFile; fileRef = 29F1AD2821BC487E00D5F02D /* CollectionViewCell.swift */; };
		29F1AD2D21BC539D00D5F02D /* Table5CollectionViewController.swift in Sources */ = {isa = PBXBuildFile; fileRef = 29F1AD2C21BC539D00D5F02D /* Table5CollectionViewController.swift */; };
/* End PBXBuildFile section */

/* Begin PBXFileReference section */
		29C7172321BC587B00FA724C /* Web.swift */ = {isa = PBXFileReference; lastKnownFileType = sourcecode.swift; path = Web.swift; sourceTree = "<group>"; };
		29C7174F21BD263B00FA724C /* BaseMenuViewController.swift */ = {isa = PBXFileReference; lastKnownFileType = sourcecode.swift; path = BaseMenuViewController.swift; sourceTree = "<group>"; };
		29C7175121BD2E0800FA724C /* Table5CollectionViewCell.swift */ = {isa = PBXFileReference; lastKnownFileType = sourcecode.swift; path = Table5CollectionViewCell.swift; sourceTree = "<group>"; };
		29C7175621BD34B300FA724C /* Table5OptionViewController.swift */ = {isa = PBXFileReference; lastKnownFileType = sourcecode.swift; path = Table5OptionViewController.swift; sourceTree = "<group>"; };
		29F1AD0621BC296A00D5F02D /* AllAboutLiver.app */ = {isa = PBXFileReference; explicitFileType = wrapper.application; includeInIndex = 0; path = AllAboutLiver.app; sourceTree = BUILT_PRODUCTS_DIR; };
		29F1AD0921BC296A00D5F02D /* AppDelegate.swift */ = {isa = PBXFileReference; lastKnownFileType = sourcecode.swift; path = AppDelegate.swift; sourceTree = "<group>"; };
		29F1AD0E21BC296A00D5F02D /* Base */ = {isa = PBXFileReference; lastKnownFileType = file.storyboard; name = Base; path = Base.lproj/Main.storyboard; sourceTree = "<group>"; };
		29F1AD1121BC296A00D5F02D /* AllAboutLiver.xcdatamodel */ = {isa = PBXFileReference; lastKnownFileType = wrapper.xcdatamodel; path = AllAboutLiver.xcdatamodel; sourceTree = "<group>"; };
		29F1AD1321BC296C00D5F02D /* Assets.xcassets */ = {isa = PBXFileReference; lastKnownFileType = folder.assetcatalog; path = Assets.xcassets; sourceTree = "<group>"; };
		29F1AD1621BC296C00D5F02D /* Base */ = {isa = PBXFileReference; lastKnownFileType = file.storyboard; name = Base; path = Base.lproj/LaunchScreen.storyboard; sourceTree = "<group>"; };
		29F1AD1821BC296C00D5F02D /* Info.plist */ = {isa = PBXFileReference; lastKnownFileType = text.plist.xml; path = Info.plist; sourceTree = "<group>"; };
		29F1AD1E21BC2E9E00D5F02D /* MenuViewController.swift */ = {isa = PBXFileReference; lastKnownFileType = sourcecode.swift; path = MenuViewController.swift; sourceTree = "<group>"; };
		29F1AD2021BC2EAF00D5F02D /* MenuTableViewCell.swift */ = {isa = PBXFileReference; lastKnownFileType = sourcecode.swift; path = MenuTableViewCell.swift; sourceTree = "<group>"; };
		29F1AD2221BC2ED200D5F02D /* HomeViewController.swift */ = {isa = PBXFileReference; lastKnownFileType = sourcecode.swift; path = HomeViewController.swift; sourceTree = "<group>"; };
		29F1AD2421BC452B00D5F02D /* Table5ViewController.swift */ = {isa = PBXFileReference; lastKnownFileType = sourcecode.swift; path = Table5ViewController.swift; sourceTree = "<group>"; };
		29F1AD2621BC477000D5F02D /* MenuSections.swift */ = {isa = PBXFileReference; lastKnownFileType = sourcecode.swift; path = MenuSections.swift; sourceTree = "<group>"; };
		29F1AD2821BC487E00D5F02D /* CollectionViewCell.swift */ = {isa = PBXFileReference; lastKnownFileType = sourcecode.swift; path = CollectionViewCell.swift; sourceTree = "<group>"; };
		29F1AD2C21BC539D00D5F02D /* Table5CollectionViewController.swift */ = {isa = PBXFileReference; lastKnownFileType = sourcecode.swift; path = Table5CollectionViewController.swift; sourceTree = "<group>"; };
/* End PBXFileReference section */

/* Begin PBXFrameworksBuildPhase section */
		29F1AD0321BC296A00D5F02D /* Frameworks */ = {
			isa = PBXFrameworksBuildPhase;
			buildActionMask = 2147483647;
			files = (
			);
			runOnlyForDeploymentPostprocessing = 0;
		};
/* End PBXFrameworksBuildPhase section */

/* Begin PBXGroup section */
		29C7175521BD344900FA724C /* Table5 */ = {
			isa = PBXGroup;
			children = (
				29F1AD2C21BC539D00D5F02D /* Table5CollectionViewController.swift */,
				29C7175621BD34B300FA724C /* Table5OptionViewController.swift */,
				29C7175121BD2E0800FA724C /* Table5CollectionViewCell.swift */,
			);
			path = Table5;
			sourceTree = "<group>";
		};
		29F1ACFD21BC296A00D5F02D = {
			isa = PBXGroup;
			children = (
				29F1AD0821BC296A00D5F02D /* AllAboutLiver */,
				29F1AD0721BC296A00D5F02D /* Products */,
			);
			sourceTree = "<group>";
		};
		29F1AD0721BC296A00D5F02D /* Products */ = {
			isa = PBXGroup;
			children = (
				29F1AD0621BC296A00D5F02D /* AllAboutLiver.app */,
			);
			name = Products;
			sourceTree = "<group>";
		};
		29F1AD0821BC296A00D5F02D /* AllAboutLiver */ = {
			isa = PBXGroup;
			children = (
				29F1AD0921BC296A00D5F02D /* AppDelegate.swift */,
				29F1AD0D21BC296A00D5F02D /* Main.storyboard */,
				29C7175521BD344900FA724C /* Table5 */,
				29F1AD2B21BC49C400D5F02D /* Home */,
				29F1AD2421BC452B00D5F02D /* Table5ViewController.swift */,
				29F1AD2A21BC49B800D5F02D /* Menu */,
				29F1AD1321BC296C00D5F02D /* Assets.xcassets */,
				29F1AD1521BC296C00D5F02D /* LaunchScreen.storyboard */,
				29F1AD1821BC296C00D5F02D /* Info.plist */,
				29F1AD1021BC296A00D5F02D /* AllAboutLiver.xcdatamodeld */,
			);
			path = AllAboutLiver;
			sourceTree = "<group>";
		};
		29F1AD2A21BC49B800D5F02D /* Menu */ = {
			isa = PBXGroup;
			children = (
				29F1AD1E21BC2E9E00D5F02D /* MenuViewController.swift */,
				29C7174F21BD263B00FA724C /* BaseMenuViewController.swift */,
				29F1AD2621BC477000D5F02D /* MenuSections.swift */,
				29F1AD2021BC2EAF00D5F02D /* MenuTableViewCell.swift */,
			);
			path = Menu;
			sourceTree = "<group>";
		};
		29F1AD2B21BC49C400D5F02D /* Home */ = {
			isa = PBXGroup;
			children = (
				29F1AD2221BC2ED200D5F02D /* HomeViewController.swift */,
				29C7172321BC587B00FA724C /* Web.swift */,
				29F1AD2821BC487E00D5F02D /* CollectionViewCell.swift */,
			);
			path = Home;
			sourceTree = "<group>";
		};
/* End PBXGroup section */

/* Begin PBXNativeTarget section */
		29F1AD0521BC296A00D5F02D /* AllAboutLiver */ = {
			isa = PBXNativeTarget;
			buildConfigurationList = 29F1AD1B21BC296C00D5F02D /* Build configuration list for PBXNativeTarget "AllAboutLiver" */;
			buildPhases = (
				29F1AD0221BC296A00D5F02D /* Sources */,
				29F1AD0321BC296A00D5F02D /* Frameworks */,
				29F1AD0421BC296A00D5F02D /* Resources */,
			);
			buildRules = (
			);
			dependencies = (
			);
			name = AllAboutLiver;
			productName = AllAboutLiver;
			productReference = 29F1AD0621BC296A00D5F02D /* AllAboutLiver.app */;
			productType = "com.apple.product-type.application";
		};
/* End PBXNativeTarget section */

/* Begin PBXProject section */
		29F1ACFE21BC296A00D5F02D /* Project object */ = {
			isa = PBXProject;
			attributes = {
				LastSwiftUpdateCheck = 1010;
				LastUpgradeCheck = 1010;
				ORGANIZATIONNAME = "Левкутник Дмитрий";
				TargetAttributes = {
					29F1AD0521BC296A00D5F02D = {
						CreatedOnToolsVersion = 10.1;
					};
				};
			};
			buildConfigurationList = 29F1AD0121BC296A00D5F02D /* Build configuration list for PBXProject "AllAboutLiver" */;
			compatibilityVersion = "Xcode 9.3";
			developmentRegion = en;
			hasScannedForEncodings = 0;
			knownRegions = (
				en,
				Base,
			);
			mainGroup = 29F1ACFD21BC296A00D5F02D;
			productRefGroup = 29F1AD0721BC296A00D5F02D /* Products */;
			projectDirPath = "";
			projectRoot = "";
			targets = (
				29F1AD0521BC296A00D5F02D /* AllAboutLiver */,
			);
		};
/* End PBXProject section */

/* Begin PBXResourcesBuildPhase section */
		29F1AD0421BC296A00D5F02D /* Resources */ = {
			isa = PBXResourcesBuildPhase;
			buildActionMask = 2147483647;
			files = (
				29F1AD1721BC296C00D5F02D /* LaunchScreen.storyboard in Resources */,
				29F1AD1421BC296C00D5F02D /* Assets.xcassets in Resources */,
				29F1AD0F21BC296A00D5F02D /* Main.storyboard in Resources */,
			);
			runOnlyForDeploymentPostprocessing = 0;
		};
/* End PBXResourcesBuildPhase section */

/* Begin PBXSourcesBuildPhase section */
		29F1AD0221BC296A00D5F02D /* Sources */ = {
			isa = PBXSourcesBuildPhase;
			buildActionMask = 2147483647;
			files = (
				29F1AD2D21BC539D00D5F02D /* Table5CollectionViewController.swift in Sources */,
				29C7175721BD34B300FA724C /* Table5OptionViewController.swift in Sources */,
				29C7175221BD2E0800FA724C /* Table5CollectionViewCell.swift in Sources */,
				29F1AD2321BC2ED200D5F02D /* HomeViewController.swift in Sources */,
				29F1AD1221BC296A00D5F02D /* AllAboutLiver.xcdatamodeld in Sources */,
				29F1AD2921BC487E00D5F02D /* CollectionViewCell.swift in Sources */,
				29F1AD1F21BC2E9E00D5F02D /* MenuViewController.swift in Sources */,
				29F1AD2521BC452B00D5F02D /* Table5ViewController.swift in Sources */,
				29F1AD2121BC2EAF00D5F02D /* MenuTableViewCell.swift in Sources */,
				29F1AD0A21BC296A00D5F02D /* AppDelegate.swift in Sources */,
				29C7172421BC587B00FA724C /* Web.swift in Sources */,
				29F1AD2721BC477000D5F02D /* MenuSections.swift in Sources */,
				29C7175021BD263B00FA724C /* BaseMenuViewController.swift in Sources */,
			);
			runOnlyForDeploymentPostprocessing = 0;
		};
/* End PBXSourcesBuildPhase section */

/* Begin PBXVariantGroup section */
		29F1AD0D21BC296A00D5F02D /* Main.storyboard */ = {
			isa = PBXVariantGroup;
			children = (
				29F1AD0E21BC296A00D5F02D /* Base */,
			);
			name = Main.storyboard;
			sourceTree = "<group>";
		};
		29F1AD1521BC296C00D5F02D /* LaunchScreen.storyboard */ = {
			isa = PBXVariantGroup;
			children = (
				29F1AD1621BC296C00D5F02D /* Base */,
			);
			name = LaunchScreen.storyboard;
			sourceTree = "<group>";
		};
/* End PBXVariantGroup section */

/* Begin XCBuildConfiguration section */
		29F1AD1921BC296C00D5F02D /* Debug */ = {
			isa = XCBuildConfiguration;
			buildSettings = {
				ALWAYS_SEARCH_USER_PATHS = NO;
				CLANG_ANALYZER_NONNULL = YES;
				CLANG_ANALYZER_NUMBER_OBJECT_CONVERSION = YES_AGGRESSIVE;
				CLANG_CXX_LANGUAGE_STANDARD = "gnu++14";
				CLANG_CXX_LIBRARY = "libc++";
				CLANG_ENABLE_MODULES = YES;
				CLANG_ENABLE_OBJC_ARC = YES;
				CLANG_ENABLE_OBJC_WEAK = YES;
				CLANG_WARN_BLOCK_CAPTURE_AUTORELEASING = YES;
				CLANG_WARN_BOOL_CONVERSION = YES;
				CLANG_WARN_COMMA = YES;
				CLANG_WARN_CONSTANT_CONVERSION = YES;
				CLANG_WARN_DEPRECATED_OBJC_IMPLEMENTATIONS = YES;
				CLANG_WARN_DIRECT_OBJC_ISA_USAGE = YES_ERROR;
				CLANG_WARN_DOCUMENTATION_COMMENTS = YES;
				CLANG_WARN_EMPTY_BODY = YES;
				CLANG_WARN_ENUM_CONVERSION = YES;
				CLANG_WARN_INFINITE_RECURSION = YES;
				CLANG_WARN_INT_CONVERSION = YES;
				CLANG_WARN_NON_LITERAL_NULL_CONVERSION = YES;
				CLANG_WARN_OBJC_IMPLICIT_RETAIN_SELF = YES;
				CLANG_WARN_OBJC_LITERAL_CONVERSION = YES;
				CLANG_WARN_OBJC_ROOT_CLASS = YES_ERROR;
				CLANG_WARN_RANGE_LOOP_ANALYSIS = YES;
				CLANG_WARN_STRICT_PROTOTYPES = YES;
				CLANG_WARN_SUSPICIOUS_MOVE = YES;
				CLANG_WARN_UNGUARDED_AVAILABILITY = YES_AGGRESSIVE;
				CLANG_WARN_UNREACHABLE_CODE = YES;
				CLANG_WARN__DUPLICATE_METHOD_MATCH = YES;
				CODE_SIGN_IDENTITY = "iPhone Developer";
				COPY_PHASE_STRIP = NO;
				DEBUG_INFORMATION_FORMAT = dwarf;
				ENABLE_STRICT_OBJC_MSGSEND = YES;
				ENABLE_TESTABILITY = YES;
				GCC_C_LANGUAGE_STANDARD = gnu11;
				GCC_DYNAMIC_NO_PIC = NO;
				GCC_NO_COMMON_BLOCKS = YES;
				GCC_OPTIMIZATION_LEVEL = 0;
				GCC_PREPROCESSOR_DEFINITIONS = (
					"DEBUG=1",
					"$(inherited)",
				);
				GCC_WARN_64_TO_32_BIT_CONVERSION = YES;
				GCC_WARN_ABOUT_RETURN_TYPE = YES_ERROR;
				GCC_WARN_UNDECLARED_SELECTOR = YES;
				GCC_WARN_UNINITIALIZED_AUTOS = YES_AGGRESSIVE;
				GCC_WARN_UNUSED_FUNCTION = YES;
				GCC_WARN_UNUSED_VARIABLE = YES;
				IPHONEOS_DEPLOYMENT_TARGET = 12.1;
				MTL_ENABLE_DEBUG_INFO = INCLUDE_SOURCE;
				MTL_FAST_MATH = YES;
				ONLY_ACTIVE_ARCH = YES;
				SDKROOT = iphoneos;
				SWIFT_ACTIVE_COMPILATION_CONDITIONS = DEBUG;
				SWIFT_OPTIMIZATION_LEVEL = "-Onone";
			};
			name = Debug;
		};
		29F1AD1A21BC296C00D5F02D /* Release */ = {
			isa = XCBuildConfiguration;
			buildSettings = {
				ALWAYS_SEARCH_USER_PATHS = NO;
				CLANG_ANALYZER_NONNULL = YES;
				CLANG_ANALYZER_NUMBER_OBJECT_CONVERSION = YES_AGGRESSIVE;
				CLANG_CXX_LANGUAGE_STANDARD = "gnu++14";
				CLANG_CXX_LIBRARY = "libc++";
				CLANG_ENABLE_MODULES = YES;
				CLANG_ENABLE_OBJC_ARC = YES;
				CLANG_ENABLE_OBJC_WEAK = YES;
				CLANG_WARN_BLOCK_CAPTURE_AUTORELEASING = YES;
				CLANG_WARN_BOOL_CONVERSION = YES;
				CLANG_WARN_COMMA = YES;
				CLANG_WARN_CONSTANT_CONVERSION = YES;
				CLANG_WARN_DEPRECATED_OBJC_IMPLEMENTATIONS = YES;
				CLANG_WARN_DIRECT_OBJC_ISA_USAGE = YES_ERROR;
				CLANG_WARN_DOCUMENTATION_COMMENTS = YES;
				CLANG_WARN_EMPTY_BODY = YES;
				CLANG_WARN_ENUM_CONVERSION = YES;
				CLANG_WARN_INFINITE_RECURSION = YES;
				CLANG_WARN_INT_CONVERSION = YES;
				CLANG_WARN_NON_LITERAL_NULL_CONVERSION = YES;
				CLANG_WARN_OBJC_IMPLICIT_RETAIN_SELF = YES;
				CLANG_WARN_OBJC_LITERAL_CONVERSION = YES;
				CLANG_WARN_OBJC_ROOT_CLASS = YES_ERROR;
				CLANG_WARN_RANGE_LOOP_ANALYSIS = YES;
				CLANG_WARN_STRICT_PROTOTYPES = YES;
				CLANG_WARN_SUSPICIOUS_MOVE = YES;
				CLANG_WARN_UNGUARDED_AVAILABILITY = YES_AGGRESSIVE;
				CLANG_WARN_UNREACHABLE_CODE = YES;
				CLANG_WARN__DUPLICATE_METHOD_MATCH = YES;
				CODE_SIGN_IDENTITY = "iPhone Developer";
				COPY_PHASE_STRIP = NO;
				DEBUG_INFORMATION_FORMAT = "dwarf-with-dsym";
				ENABLE_NS_ASSERTIONS = NO;
				ENABLE_STRICT_OBJC_MSGSEND = YES;
				GCC_C_LANGUAGE_STANDARD = gnu11;
				GCC_NO_COMMON_BLOCKS = YES;
				GCC_WARN_64_TO_32_BIT_CONVERSION = YES;
				GCC_WARN_ABOUT_RETURN_TYPE = YES_ERROR;
				GCC_WARN_UNDECLARED_SELECTOR = YES;
				GCC_WARN_UNINITIALIZED_AUTOS = YES_AGGRESSIVE;
				GCC_WARN_UNUSED_FUNCTION = YES;
				GCC_WARN_UNUSED_VARIABLE = YES;
				IPHONEOS_DEPLOYMENT_TARGET = 12.1;
				MTL_ENABLE_DEBUG_INFO = NO;
				MTL_FAST_MATH = YES;
				SDKROOT = iphoneos;
				SWIFT_COMPILATION_MODE = wholemodule;
				SWIFT_OPTIMIZATION_LEVEL = "-O";
				VALIDATE_PRODUCT = YES;
			};
			name = Release;
		};
		29F1AD1C21BC296C00D5F02D /* Debug */ = {
			isa = XCBuildConfiguration;
			buildSettings = {
				ASSETCATALOG_COMPILER_APPICON_NAME = AppIcon;
				CODE_SIGN_STYLE = Automatic;
				DEVELOPMENT_TEAM = 3EUV3J8K83;
				INFOPLIST_FILE = AllAboutLiver/Info.plist;
				IPHONEOS_DEPLOYMENT_TARGET = 10.0;
				LD_RUNPATH_SEARCH_PATHS = (
					"$(inherited)",
					"@executable_path/Frameworks",
				);
				PRODUCT_BUNDLE_IDENTIFIER = ua.kentukvel.AllAboutLiver;
				PRODUCT_NAME = "$(TARGET_NAME)";
				SWIFT_VERSION = 4.2;
				TARGETED_DEVICE_FAMILY = "1,2";
			};
			name = Debug;
		};
		29F1AD1D21BC296C00D5F02D /* Release */ = {
			isa = XCBuildConfiguration;
			buildSettings = {
				ASSETCATALOG_COMPILER_APPICON_NAME = AppIcon;
				CODE_SIGN_STYLE = Automatic;
				DEVELOPMENT_TEAM = 3EUV3J8K83;
				INFOPLIST_FILE = AllAboutLiver/Info.plist;
				IPHONEOS_DEPLOYMENT_TARGET = 10.0;
				LD_RUNPATH_SEARCH_PATHS = (
					"$(inherited)",
					"@executable_path/Frameworks",
				);
				PRODUCT_BUNDLE_IDENTIFIER = ua.kentukvel.AllAboutLiver;
				PRODUCT_NAME = "$(TARGET_NAME)";
				SWIFT_VERSION = 4.2;
				TARGETED_DEVICE_FAMILY = "1,2";
			};
			name = Release;
		};
/* End XCBuildConfiguration section */

/* Begin XCConfigurationList section */
		29F1AD0121BC296A00D5F02D /* Build configuration list for PBXProject "AllAboutLiver" */ = {
			isa = XCConfigurationList;
			buildConfigurations = (
				29F1AD1921BC296C00D5F02D /* Debug */,
				29F1AD1A21BC296C00D5F02D /* Release */,
			);
			defaultConfigurationIsVisible = 0;
			defaultConfigurationName = Release;
		};
		29F1AD1B21BC296C00D5F02D /* Build configuration list for PBXNativeTarget "AllAboutLiver" */ = {
			isa = XCConfigurationList;
			buildConfigurations = (
				29F1AD1C21BC296C00D5F02D /* Debug */,
				29F1AD1D21BC296C00D5F02D /* Release */,
			);
			defaultConfigurationIsVisible = 0;
			defaultConfigurationName = Release;
		};
/* End XCConfigurationList section */

/* Begin XCVersionGroup section */
		29F1AD1021BC296A00D5F02D /* AllAboutLiver.xcdatamodeld */ = {
			isa = XCVersionGroup;
			children = (
				29F1AD1121BC296A00D5F02D /* AllAboutLiver.xcdatamodel */,
			);
			currentVersion = 29F1AD1121BC296A00D5F02D /* AllAboutLiver.xcdatamodel */;
			path = AllAboutLiver.xcdatamodeld;
			sourceTree = "<group>";
			versionGroupType = wrapper.xcdatamodel;
		};
/* End XCVersionGroup section */
	};
	rootObject = 29F1ACFE21BC296A00D5F02D /* Project object */;
}
